# THIS IS AN AUTOGENERATED FILE. DO NOT EDIT THIS FILE DIRECTLY.
# yarn lockfile v1


deepmerge@^4.2.2:
  version "4.3.1"
  resolved "https://registry.npmmirror.com/deepmerge/-/deepmerge-4.3.1.tgz#44b5f2147cd3b00d4b56137685966f26fd25dd4a"
  integrity sha512-3sUqbMEc77XqpdNO7FRyRog+eW3ph+GYCbj+rK+uYyRMuwsVy0rMiVtPn+QJlKFvWP/1PYpapqYn0Me2knFn+A==

shvl@^2.0.3:
  version "2.0.3"
  resolved "https://registry.npmmirror.com/shvl/-/shvl-2.0.3.tgz#eb4bd37644f5684bba1fc52c3010c96fb5e6afd1"
  integrity sha512-V7C6S9Hlol6SzOJPnQ7qzOVEWUQImt3BNmmzh40wObhla3XOYMe4gGiYzLrJd5TFa+cI2f9LKIRJTTKZSTbWgw==

vuex-persistedstate@^4.1.0:
  version "4.1.0"
  resolved "https://registry.npmmirror.com/vuex-persistedstate/-/vuex-persistedstate-4.1.0.tgz#127165f85f5b4534fb3170a5d3a8be9811bd2a53"
  integrity sha512-3SkEj4NqwM69ikJdFVw6gObeB0NHyspRYMYkR/EbhR0hbvAKyR5gksVhtAfY1UYuWUOCCA0QNGwv9pOwdj+XUQ==
  dependencies:
    deepmerge "^4.2.2"
    shvl "^2.0.3"
